
Microsoft Visual Studio Solution File, Format Version 12.00
# Visual Studio Version 16
VisualStudioVersion = 16.0.29418.71
MinimumVisualStudioVersion = 10.0.40219.1
Project("{FAE04EC0-301F-11D3-BF4B-00C04F79EFBC}") = "UserAgentFinder", "UserAgentFinder.csproj", "{1B049DA1-DB01-427A-A378-28C55E699302}"
EndProject
Global
	GlobalSection(SolutionConfigurationPlatforms) = preSolution
		Debug|Any CPU = Debug|Any CPU
		Release|Any CPU = Release|Any CPU
	EndGlobalSection
	GlobalSection(ProjectConfigurationPlatforms) = postSolution
		{1B049DA1-DB01-427A-A378-28C55E699302}.Debug|Any CPU.ActiveCfg = Debug|Any CPU
		{1B049DA1-DB01-427A-A378-28C55E699302}.Debug|Any CPU.Build.0 = Debug|Any CPU
		{1B049DA1-DB01-427A-A378-28C55E699302}.Release|Any CPU.ActiveCfg = Release|Any CPU
		{1B049DA1-DB01-427A-A378-28C55E699302}.Release|Any CPU.Build.0 = Release|Any CPU
	EndGlobalSection
	GlobalSection(SolutionProperties) = preSolution
		HideSolutionNode = FALSE
	EndGlobalSection
	GlobalSection(ExtensibilityGlobals) = postSolution
		SolutionGuid = {704B4A51-B682-41DC-88E8-ACF9F45741AE}
	EndGlobalSection
EndGlobal
